// !$*UTF8*$!
{
	archiveVersion = 1;
	classes = {
	};
	objectVersion = 46;
	objects = {

/* Begin PBXBuildFile section */
		8D3C18591D6418C800F7A480 /* AppDelegate.swift in Sources */ = {isa = PBXBuildFile; fileRef = 8D3C18581D6418C800F7A480 /* AppDelegate.swift */; };
		8D3C185B1D6418C800F7A480 /* ViewController.swift in Sources */ = {isa = PBXBuildFile; fileRef = 8D3C185A1D6418C800F7A480 /* ViewController.swift */; };
		8D3C185E1D6418C800F7A480 /* Main.storyboard in Resources */ = {isa = PBXBuildFile; fileRef = 8D3C185C1D6418C800F7A480 /* Main.storyboard */; };
		8D3C18601D6418C800F7A480 /* Assets.xcassets in Resources */ = {isa = PBXBuildFile; fileRef = 8D3C185F1D6418C800F7A480 /* Assets.xcassets */; };
		8D3C18631D6418C800F7A480 /* LaunchScreen.storyboard in Resources */ = {isa = PBXBuildFile; fileRef = 8D3C18611D6418C800F7A480 /* LaunchScreen.storyboard */; };
/* End PBXBuildFile section */

/* Begin PBXFileReference section */
		8D3C18551D6418C800F7A480 /* RPG2-OOP.app */ = {isa = PBXFileReference; explicitFileType = wrapper.application; includeInIndex = 0; path = "RPG2-OOP.app"; sourceTree = BUILT_PRODUCTS_DIR; };
		8D3C18581D6418C800F7A480 /* AppDelegate.swift */ = {isa = PBXFileReference; lastKnownFileType = sourcecode.swift; path = AppDelegate.swift; sourceTree = "<group>"; };
		8D3C185A1D6418C800F7A480 /* ViewController.swift */ = {isa = PBXFileReference; lastKnownFileType = sourcecode.swift; path = ViewController.swift; sourceTree = "<group>"; };
		8D3C185D1D6418C800F7A480 /* Base */ = {isa = PBXFileReference; lastKnownFileType = file.storyboard; name = Base; path = Base.lproj/Main.storyboard; sourceTree = "<group>"; };
		8D3C185F1D6418C800F7A480 /* Assets.xcassets */ = {isa = PBXFileReference; lastKnownFileType = folder.assetcatalog; path = Assets.xcassets; sourceTree = "<group>"; };
		8D3C18621D6418C800F7A480 /* Base */ = {isa = PBXFileReference; lastKnownFileType = file.storyboard; name = Base; path = Base.lproj/LaunchScreen.storyboard; sourceTree = "<group>"; };
		8D3C18641D6418C800F7A480 /* Info.plist */ = {isa = PBXFileReference; lastKnownFileType = text.plist.xml; path = Info.plist; sourceTree = "<group>"; };
/* End PBXFileReference section */

/* Begin PBXFrameworksBuildPhase section */
		8D3C18521D6418C800F7A480 /* Frameworks */ = {
			isa = PBXFrameworksBuildPhase;
			buildActionMask = 2147483647;
			files = (
			);
			runOnlyForDeploymentPostprocessing = 0;
		};
/* End PBXFrameworksBuildPhase section */

/* Begin PBXGroup section */
		8D3C184C1D6418C800F7A480 = {
			isa = PBXGroup;
			children = (
				8D3C18571D6418C800F7A480 /* RPG2-OOP */,
				8D3C18561D6418C800F7A480 /* Products */,
			);
			sourceTree = "<group>";
		};
		8D3C18561D6418C800F7A480 /* Products */ = {
			isa = PBXGroup;
			children = (
				8D3C18551D6418C800F7A480 /* RPG2-OOP.app */,
			);
			name = Products;
			sourceTree = "<group>";
		};
		8D3C18571D6418C800F7A480 /* RPG2-OOP */ = {
			isa = PBXGroup;
			children = (
				8D3C18581D6418C800F7A480 /* AppDelegate.swift */,
				8D3C185A1D6418C800F7A480 /* ViewController.swift */,
				8D3C185C1D6418C800F7A480 /* Main.storyboard */,
				8D3C185F1D6418C800F7A480 /* Assets.xcassets */,
				8D3C18611D6418C800F7A480 /* LaunchScreen.storyboard */,
				8D3C18641D6418C800F7A480 /* Info.plist */,
			);
			path = "RPG2-OOP";
			sourceTree = "<group>";
		};
/* End PBXGroup section */

/* Begin PBXNativeTarget section */
		8D3C18541D6418C800F7A480 /* RPG2-OOP */ = {
			isa = PBXNativeTarget;
			buildConfigurationList = 8D3C18671D6418C800F7A480 /* Build configuration list for PBXNativeTarget "RPG2-OOP" */;
			buildPhases = (
				8D3C18511D6418C800F7A480 /* Sources */,
				8D3C18521D6418C800F7A480 /* Frameworks */,
				8D3C18531D6418C800F7A480 /* Resources */,
			);
			buildRules = (
			);
			dependencies = (
			);
			name = "RPG2-OOP";
			productName = "RPG2-OOP";
			productReference = 8D3C18551D6418C800F7A480 /* RPG2-OOP.app */;
			productType = "com.apple.product-type.application";
		};
/* End PBXNativeTarget section */

/* Begin PBXProject section */
		8D3C184D1D6418C800F7A480 /* Project object */ = {
			isa = PBXProject;
			attributes = {
				LastSwiftUpdateCheck = 0730;
				LastUpgradeCheck = 0730;
				ORGANIZATIONNAME = "Richard Guy";
				TargetAttributes = {
					8D3C18541D6418C800F7A480 = {
						CreatedOnToolsVersion = 7.3.1;
						DevelopmentTeam = GMK26497R9;
					};
				};
			};
			buildConfigurationList = 8D3C18501D6418C800F7A480 /* Build configuration list for PBXProject "RPG2-OOP" */;
			compatibilityVersion = "Xcode 3.2";
			developmentRegion = English;
			hasScannedForEncodings = 0;
			knownRegions = (
				en,
				Base,
			);
			mainGroup = 8D3C184C1D6418C800F7A480;
			productRefGroup = 8D3C18561D6418C800F7A480 /* Products */;
			projectDirPath = "";
			projectRoot = "";
			targets = (
				8D3C18541D6418C800F7A480 /* RPG2-OOP */,
			);
		};
/* End PBXProject section */

/* Begin PBXResourcesBuildPhase section */
		8D3C18531D6418C800F7A480 /* Resources */ = {
			isa = PBXResourcesBuildPhase;
			buildActionMask = 2147483647;
			files = (
				8D3C18631D6418C800F7A480 /* LaunchScreen.storyboard in Resources */,
				8D3C18601D6418C800F7A480 /* Assets.xcassets in Resources */,
				8D3C185E1D6418C800F7A480 /* Main.storyboard in Resources */,
			);
			runOnlyForDeploymentPostprocessing = 0;
		};
/* End PBXResourcesBuildPhase section */

/* Begin PBXSourcesBuildPhase section */
		8D3C18511D6418C800F7A480 /* Sources */ = {
			isa = PBXSourcesBuildPhase;
			buildActionMask = 2147483647;
			files = (
				8D3C185B1D6418C800F7A480 /* ViewController.swift in Sources */,
				8D3C18591D6418C800F7A480 /* AppDelegate.swift in Sources */,
			);
			runOnlyForDeploymentPostprocessing = 0;
		};
/* End PBXSourcesBuildPhase section */

/* Begin PBXVariantGroup section */
		8D3C185C1D6418C800F7A480 /* Main.storyboard */ = {
			isa = PBXVariantGroup;
			children = (
				8D3C185D1D6418C800F7A480 /* Base */,
			);
			name = Main.storyboard;
			sourceTree = "<group>";
		};
		8D3C18611D6418C800F7A480 /* LaunchScreen.storyboard */ = {
			isa = PBXVariantGroup;
			children = (
				8D3C18621D6418C800F7A480 /* Base */,
			);
			name = LaunchScreen.storyboard;
			sourceTree = "<group>";
		};
/* End PBXVariantGroup section */

/* Begin XCBuildConfiguration section */
		8D3C18651D6418C800F7A480 /* Debug */ = {
			isa = XCBuildConfiguration;
			buildSettings = {
				ALWAYS_SEARCH_USER_PATHS = NO;
				CLANG_ANALYZER_NONNULL = YES;
				CLANG_CXX_LANGUAGE_STANDARD = "gnu++0x";
				CLANG_CXX_LIBRARY = "libc++";
				CLANG_ENABLE_MODULES = YES;
				CLANG_ENABLE_OBJC_ARC = YES;
				CLANG_WARN_BOOL_CONVERSION = YES;
				CLANG_WARN_CONSTANT_CONVERSION = YES;
				CLANG_WARN_DIRECT_OBJC_ISA_USAGE = YES_ERROR;
				CLANG_WARN_EMPTY_BODY = YES;
				CLANG_WARN_ENUM_CONVERSION = YES;
				CLANG_WARN_INT_CONVERSION = YES;
				CLANG_WARN_OBJC_ROOT_CLASS = YES_ERROR;
				CLANG_WARN_UNREACHABLE_CODE = YES;
				CLANG_WARN__DUPLICATE_METHOD_MATCH = YES;
				"CODE_SIGN_IDENTITY[sdk=iphoneos*]" = "iPhone Developer";
				COPY_PHASE_STRIP = NO;
				DEBUG_INFORMATION_FORMAT = dwarf;
				ENABLE_STRICT_OBJC_MSGSEND = YES;
				ENABLE_TESTABILITY = YES;
				GCC_C_LANGUAGE_STANDARD = gnu99;
				GCC_DYNAMIC_NO_PIC = NO;
				GCC_NO_COMMON_BLOCKS = YES;
				GCC_OPTIMIZATION_LEVEL = 0;
				GCC_PREPROCESSOR_DEFINITIONS = (
					"DEBUG=1",
					"$(inherited)",
				);
				GCC_WARN_64_TO_32_BIT_CONVERSION = YES;
				GCC_WARN_ABOUT_RETURN_TYPE = YES_ERROR;
				GCC_WARN_UNDECLARED_SELECTOR = YES;
				GCC_WARN_UNINITIALIZED_AUTOS = YES_AGGRESSIVE;
				GCC_WARN_UNUSED_FUNCTION = YES;
				GCC_WARN_UNUSED_VARIABLE = YES;
				IPHONEOS_DEPLOYMENT_TARGET = 9.3;
				MTL_ENABLE_DEBUG_INFO = YES;
				ONLY_ACTIVE_ARCH = YES;
				SDKROOT = iphoneos;
				SWIFT_OPTIMIZATION_LEVEL = "-Onone";
			};
			name = Debug;
		};
		8D3C18661D6418C800F7A480 /* Release */ = {
			isa = XCBuildConfiguration;
			buildSettings = {
				ALWAYS_SEARCH_USER_PATHS = NO;
				CLANG_ANALYZER_NONNULL = YES;
				CLANG_CXX_LANGUAGE_STANDARD = "gnu++0x";
				CLANG_CXX_LIBRARY = "libc++";
				CLANG_ENABLE_MODULES = YES;
				CLANG_ENABLE_OBJC_ARC = YES;
				CLANG_WARN_BOOL_CONVERSION = YES;
				CLANG_WARN_CONSTANT_CONVERSION = YES;
				CLANG_WARN_DIRECT_OBJC_ISA_USAGE = YES_ERROR;
				CLANG_WARN_EMPTY_BODY = YES;
				CLANG_WARN_ENUM_CONVERSION = YES;
				CLANG_WARN_INT_CONVERSION = YES;
				CLANG_WARN_OBJC_ROOT_CLASS = YES_ERROR;
				CLANG_WARN_UNREACHABLE_CODE = YES;
				CLANG_WARN__DUPLICATE_METHOD_MATCH = YES;
				"CODE_SIGN_IDENTITY[sdk=iphoneos*]" = "iPhone Developer";
				COPY_PHASE_STRIP = NO;
				DEBUG_INFORMATION_FORMAT = "dwarf-with-dsym";
				ENABLE_NS_ASSERTIONS = NO;
				ENABLE_STRICT_OBJC_MSGSEND = YES;
				GCC_C_LANGUAGE_STANDARD = gnu99;
				GCC_NO_COMMON_BLOCKS = YES;
				GCC_WARN_64_TO_32_BIT_CONVERSION = YES;
				GCC_WARN_ABOUT_RETURN_TYPE = YES_ERROR;
				GCC_WARN_UNDECLARED_SELECTOR = YES;
				GCC_WARN_UNINITIALIZED_AUTOS = YES_AGGRESSIVE;
				GCC_WARN_UNUSED_FUNCTION = YES;
				GCC_WARN_UNUSED_VARIABLE = YES;
				IPHONEOS_DEPLOYMENT_TARGET = 9.3;
				MTL_ENABLE_DEBUG_INFO = NO;
				SDKROOT = iphoneos;
				VALIDATE_PRODUCT = YES;
			};
			name = Release;
		};
		8D3C18681D6418C800F7A480 /* Debug */ = {
			isa = XCBuildConfiguration;
			buildSettings = {
				ASSETCATALOG_COMPILER_APPICON_NAME = AppIcon;
				INFOPLIST_FILE = "RPG2-OOP/Info.plist";
				LD_RUNPATH_SEARCH_PATHS = "$(inherited) @executable_path/Frameworks";
				PRODUCT_BUNDLE_IDENTIFIER = "com.rguydesign.RPG2-OOP";
				PRODUCT_NAME = "$(TARGET_NAME)";
			};
			name = Debug;
		};
		8D3C18691D6418C800F7A480 /* Release */ = {
			isa = XCBuildConfiguration;
			buildSettings = {
				ASSETCATALOG_COMPILER_APPICON_NAME = AppIcon;
				INFOPLIST_FILE = "RPG2-OOP/Info.plist";
				LD_RUNPATH_SEARCH_PATHS = "$(inherited) @executable_path/Frameworks";
				PRODUCT_BUNDLE_IDENTIFIER = "com.rguydesign.RPG2-OOP";
				PRODUCT_NAME = "$(TARGET_NAME)";
			};
			name = Release;
		};
/* End XCBuildConfiguration section */

/* Begin XCConfigurationList section */
		8D3C18501D6418C800F7A480 /* Build configuration list for PBXProject "RPG2-OOP" */ = {
			isa = XCConfigurationList;
			buildConfigurations = (
				8D3C18651D6418C800F7A480 /* Debug */,
				8D3C18661D6418C800F7A480 /* Release */,
			);
			defaultConfigurationIsVisible = 0;
			defaultConfigurationName = Release;
		};
		8D3C18671D6418C800F7A480 /* Build configuration list for PBXNativeTarget "RPG2-OOP" */ = {
			isa = XCConfigurationList;
			buildConfigurations = (
				8D3C18681D6418C800F7A480 /* Debug */,
				8D3C18691D6418C800F7A480 /* Release */,
			);
			defaultConfigurationIsVisible = 0;
		};
/* End XCConfigurationList section */
	};
	rootObject = 8D3C184D1D6418C800F7A480 /* Project object */;
}
